schema: '2.0'
stages:
  train:
    cmd: python train.py
    deps:
    - path: train.py
      md5: 8396e6aba82ae69c9314b57d8189766c
      size: 605
    outs:
    - path: metrics.json
      md5: 85348b75aca367dc8cd0922aff1f9977
      size: 220
  process:
    cmd: python process_data.py
    deps:
    - path: process_data.py
      md5: dbafc59a2d8f202b7f27fcf6d029c8fe
      size: 271
    outs:
    - path: report_eda.html
      md5: af542bafafffd49ce7e59d1ac17c44d4
      size: 937165
